
Microsoft Visual Studio Solution File, Format Version 12.00
# Visual Studio Version 17
VisualStudioVersion = 17.4.33205.214
MinimumVisualStudioVersion = 10.0.40219.1
Project("{FAE04EC0-301F-11D3-BF4B-00C04F79EFBC}") = "BusinessObject", "BusinessObject\BusinessObject.csproj", "{C7B317FA-CEF9-4F83-B30D-4132EC507983}"
EndProject
Project("{FAE04EC0-301F-11D3-BF4B-00C04F79EFBC}") = "DataAccess", "DataAccess\DataAccess.csproj", "{774278EA-AFAE-4A0B-B5D2-DE2A3003C7DE}"
EndProject
Project("{FAE04EC0-301F-11D3-BF4B-00C04F79EFBC}") = "ProjectPRN231API", "ProjectPRN231API\ProjectPRN231API.csproj", "{95D31BA0-AF18-439B-BB21-70668F0ED8D2}"
EndProject
Global
	GlobalSection(SolutionConfigurationPlatforms) = preSolution
		Debug|Any CPU = Debug|Any CPU
		Release|Any CPU = Release|Any CPU
	EndGlobalSection
	GlobalSection(ProjectConfigurationPlatforms) = postSolution
		{C7B317FA-CEF9-4F83-B30D-4132EC507983}.Debug|Any CPU.ActiveCfg = Debug|Any CPU
		{C7B317FA-CEF9-4F83-B30D-4132EC507983}.Debug|Any CPU.Build.0 = Debug|Any CPU
		{C7B317FA-CEF9-4F83-B30D-4132EC507983}.Release|Any CPU.ActiveCfg = Release|Any CPU
		{C7B317FA-CEF9-4F83-B30D-4132EC507983}.Release|Any CPU.Build.0 = Release|Any CPU
		{774278EA-AFAE-4A0B-B5D2-DE2A3003C7DE}.Debug|Any CPU.ActiveCfg = Debug|Any CPU
		{774278EA-AFAE-4A0B-B5D2-DE2A3003C7DE}.Debug|Any CPU.Build.0 = Debug|Any CPU
		{774278EA-AFAE-4A0B-B5D2-DE2A3003C7DE}.Release|Any CPU.ActiveCfg = Release|Any CPU
		{774278EA-AFAE-4A0B-B5D2-DE2A3003C7DE}.Release|Any CPU.Build.0 = Release|Any CPU
		{95D31BA0-AF18-439B-BB21-70668F0ED8D2}.Debug|Any CPU.ActiveCfg = Debug|Any CPU
		{95D31BA0-AF18-439B-BB21-70668F0ED8D2}.Debug|Any CPU.Build.0 = Debug|Any CPU
		{95D31BA0-AF18-439B-BB21-70668F0ED8D2}.Release|Any CPU.ActiveCfg = Release|Any CPU
		{95D31BA0-AF18-439B-BB21-70668F0ED8D2}.Release|Any CPU.Build.0 = Release|Any CPU
	EndGlobalSection
	GlobalSection(SolutionProperties) = preSolution
		HideSolutionNode = FALSE
	EndGlobalSection
	GlobalSection(ExtensibilityGlobals) = postSolution
		SolutionGuid = {B164F457-7568-4AF7-B256-B22AC51A49C5}
	EndGlobalSection
EndGlobal
